
Microsoft Visual Studio Solution File, Format Version 12.00
# Visual Studio Version 17
VisualStudioVersion = 17.6.33801.468
MinimumVisualStudioVersion = 10.0.40219.1
Project("{FAE04EC0-301F-11D3-BF4B-00C04F79EFBC}") = "BulkyBookWeb", "BulkyBookWeb\BulkyBookWeb.csproj", "{D1795B4B-24A5-44DE-8206-ED2C293B0C9F}"
EndProject
Global
	GlobalSection(SolutionConfigurationPlatforms) = preSolution
		Debug|Any CPU = Debug|Any CPU
		Release|Any CPU = Release|Any CPU
	EndGlobalSection
	GlobalSection(ProjectConfigurationPlatforms) = postSolution
		{D1795B4B-24A5-44DE-8206-ED2C293B0C9F}.Debug|Any CPU.ActiveCfg = Debug|Any CPU
		{D1795B4B-24A5-44DE-8206-ED2C293B0C9F}.Debug|Any CPU.Build.0 = Debug|Any CPU
		{D1795B4B-24A5-44DE-8206-ED2C293B0C9F}.Release|Any CPU.ActiveCfg = Release|Any CPU
		{D1795B4B-24A5-44DE-8206-ED2C293B0C9F}.Release|Any CPU.Build.0 = Release|Any CPU
	EndGlobalSection
	GlobalSection(SolutionProperties) = preSolution
		HideSolutionNode = FALSE
	EndGlobalSection
	GlobalSection(ExtensibilityGlobals) = postSolution
		SolutionGuid = {06849E8D-1A59-4364-B99A-FCEB6C69F4AA}
	EndGlobalSection
EndGlobal
